
Microsoft Visual Studio Solution File, Format Version 12.00
# Visual Studio Version 17
VisualStudioVersion = 17.0.31717.71
MinimumVisualStudioVersion = 10.0.40219.1
Project("{FAE04EC0-301F-11D3-BF4B-00C04F79EFBC}") = "File", "File\File.csproj", "{ABB91616-9278-4B7D-B3C5-C975A769D595}"
EndProject
Global
	GlobalSection(SolutionConfigurationPlatforms) = preSolution
		Debug|Any CPU = Debug|Any CPU
		Release|Any CPU = Release|Any CPU
	EndGlobalSection
	GlobalSection(ProjectConfigurationPlatforms) = postSolution
		{ABB91616-9278-4B7D-B3C5-C975A769D595}.Debug|Any CPU.ActiveCfg = Debug|Any CPU
		{ABB91616-9278-4B7D-B3C5-C975A769D595}.Debug|Any CPU.Build.0 = Debug|Any CPU
		{ABB91616-9278-4B7D-B3C5-C975A769D595}.Release|Any CPU.ActiveCfg = Release|Any CPU
		{ABB91616-9278-4B7D-B3C5-C975A769D595}.Release|Any CPU.Build.0 = Release|Any CPU
	EndGlobalSection
	GlobalSection(SolutionProperties) = preSolution
		HideSolutionNode = FALSE
	EndGlobalSection
	GlobalSection(ExtensibilityGlobals) = postSolution
		SolutionGuid = {3B986EC7-D35D-4221-A08D-386C77C18541}
	EndGlobalSection
EndGlobal
